{
  "name": "@salutejs/plasma-tokens-core",
  "version": "0.4.0",
  "lockfileVersion": 2,
  "requires": true,
  "packages": {
    "": {
      "name": "@salutejs/plasma-tokens-core",
      "version": "0.4.0",
      "license": "MIT",
      "devDependencies": {
        "@types/styled-components": "^5.1.0",
        "typescript": "^4.0.8"
      }
    },
    "node_modules/@types/hoist-non-react-statics": {
      "version": "3.3.1",
      "resolved": "https://registry.npmjs.org/@types/hoist-non-react-statics/-/hoist-non-react-statics-3.3.1.tgz",
      "integrity": "sha512-iMIqiko6ooLrTh1joXodJK5X9xeEALT1kM5G3ZLhD3hszxBdIEd5C75U834D9mLcINgD4OyZf5uQXjkuYydWvA==",
      "dev": true,
      "dependencies": {
        "@types/react": "*",
        "hoist-non-react-statics": "^3.3.0"
      }
    },
    "node_modules/@types/prop-types": {
      "version": "15.7.5",
      "resolved": "https://registry.npmjs.org/@types/prop-types/-/prop-types-15.7.5.tgz",
      "integrity": "sha512-JCB8C6SnDoQf0cNycqd/35A7MjcnK+ZTqE7judS6o7utxUCg6imJg3QK2qzHKszlTjcj2cn+NwMB2i96ubpj7w==",
      "dev": true
    },
    "node_modules/@types/react": {
      "version": "18.0.7",
      "resolved": "https://registry.npmjs.org/@types/react/-/react-18.0.7.tgz",
      "integrity": "sha512-CXSXHzTexlX9esf4ReIUJeaemKcmBEvYzxHDUk19c3BCcEGUvUjkeC3jkscPSfSaQ6SPDRNd/zMxi8oc/P1zxA==",
      "dev": true,
      "dependencies": {
        "@types/prop-types": "*",
        "@types/scheduler": "*",
        "csstype": "^3.0.2"
      }
    },
    "node_modules/@types/scheduler": {
      "version": "0.16.2",
      "resolved": "https://registry.npmjs.org/@types/scheduler/-/scheduler-0.16.2.tgz",
      "integrity": "sha512-hppQEBDmlwhFAXKJX2KnWLYu5yMfi91yazPb2l+lbJiwW+wdo1gNeRA+3RgNSO39WYX2euey41KEwnqesU2Jew==",
      "dev": true
    },
    "node_modules/@types/styled-components": {
      "version": "5.1.27",
      "resolved": "https://registry.npmjs.org/@types/styled-components/-/styled-components-5.1.27.tgz",
      "integrity": "sha512-oY9c1SdztRRF0QDQdwXEenfAjGN4WGUkaMpx5hvdTbYYqw01qoY2GrHi+kAR6SVofynzD6KbGoF5ITP0zh5pvg==",
      "dev": true,
      "dependencies": {
        "@types/hoist-non-react-statics": "*",
        "@types/react": "*",
        "csstype": "^3.0.2"
      }
    },
    "node_modules/csstype": {
      "version": "3.1.2",
      "resolved": "https://registry.npmjs.org/csstype/-/csstype-3.1.2.tgz",
      "integrity": "sha512-I7K1Uu0MBPzaFKg4nI5Q7Vs2t+3gWWW648spaF+Rg7pI9ds18Ugn+lvg4SHczUdKlHI5LWBXyqfS8+DufyBsgQ==",
      "dev": true
    },
    "node_modules/hoist-non-react-statics": {
      "version": "3.3.2",
      "resolved": "https://registry.npmjs.org/hoist-non-react-statics/-/hoist-non-react-statics-3.3.2.tgz",
      "integrity": "sha512-/gGivxi8JPKWNm/W0jSmzcMPpfpPLc3dY/6GxhX2hQ9iGj3aDfklV4ET7NjKpSinLpJ5vafa9iiGIEZg10SfBw==",
      "dev": true,
      "dependencies": {
        "react-is": "^16.7.0"
      }
    },
    "node_modules/react-is": {
      "version": "16.13.1",
      "resolved": "https://registry.npmjs.org/react-is/-/react-is-16.13.1.tgz",
      "integrity": "sha512-24e6ynE2H+OKt4kqsOvNd8kBpV65zoxbA4BVsEOB3ARVWQki/DHzaUoC5KuON/BiccDaCCTZBuOcfZs70kR8bQ==",
      "dev": true
    },
    "node_modules/typescript": {
      "version": "4.0.8",
      "resolved": "https://registry.npmjs.org/typescript/-/typescript-4.0.8.tgz",
      "integrity": "sha512-oz1765PN+imfz1MlZzSZPtC/tqcwsCyIYA8L47EkRnRW97ztRk83SzMiWLrnChC0vqoYxSU1fcFUDA5gV/ZiPg==",
      "dev": true,
      "bin": {
        "tsc": "bin/tsc",
        "tsserver": "bin/tsserver"
      },
      "engines": {
        "node": ">=4.2.0"
      }
    }
  },
  "dependencies": {
    "@types/hoist-non-react-statics": {
      "version": "3.3.1",
      "resolved": "https://registry.npmjs.org/@types/hoist-non-react-statics/-/hoist-non-react-statics-3.3.1.tgz",
      "integrity": "sha512-iMIqiko6ooLrTh1joXodJK5X9xeEALT1kM5G3ZLhD3hszxBdIEd5C75U834D9mLcINgD4OyZf5uQXjkuYydWvA==",
      "dev": true,
      "requires": {
        "@types/react": "*",
        "hoist-non-react-statics": "^3.3.0"
      }
    },
    "@types/prop-types": {
      "version": "15.7.5",
      "resolved": "https://registry.npmjs.org/@types/prop-types/-/prop-types-15.7.5.tgz",
      "integrity": "sha512-JCB8C6SnDoQf0cNycqd/35A7MjcnK+ZTqE7judS6o7utxUCg6imJg3QK2qzHKszlTjcj2cn+NwMB2i96ubpj7w==",
      "dev": true
    },
    "@types/react": {
      "version": "18.0.7",
      "resolved": "https://registry.npmjs.org/@types/react/-/react-18.0.7.tgz",
      "integrity": "sha512-CXSXHzTexlX9esf4ReIUJeaemKcmBEvYzxHDUk19c3BCcEGUvUjkeC3jkscPSfSaQ6SPDRNd/zMxi8oc/P1zxA==",
      "dev": true,
      "requires": {
        "@types/prop-types": "*",
        "@types/scheduler": "*",
        "csstype": "^3.0.2"
      }
    },
    "@types/scheduler": {
      "version": "0.16.2",
      "resolved": "https://registry.npmjs.org/@types/scheduler/-/scheduler-0.16.2.tgz",
      "integrity": "sha512-hppQEBDmlwhFAXKJX2KnWLYu5yMfi91yazPb2l+lbJiwW+wdo1gNeRA+3RgNSO39WYX2euey41KEwnqesU2Jew==",
      "dev": true
    },
    "@types/styled-components": {
      "version": "5.1.27",
      "resolved": "https://registry.npmjs.org/@types/styled-components/-/styled-components-5.1.27.tgz",
      "integrity": "sha512-oY9c1SdztRRF0QDQdwXEenfAjGN4WGUkaMpx5hvdTbYYqw01qoY2GrHi+kAR6SVofynzD6KbGoF5ITP0zh5pvg==",
      "dev": true,
      "requires": {
        "@types/hoist-non-react-statics": "*",
        "@types/react": "*",
        "csstype": "^3.0.2"
      }
    },
    "csstype": {
      "version": "3.1.2",
      "resolved": "https://registry.npmjs.org/csstype/-/csstype-3.1.2.tgz",
      "integrity": "sha512-I7K1Uu0MBPzaFKg4nI5Q7Vs2t+3gWWW648spaF+Rg7pI9ds18Ugn+lvg4SHczUdKlHI5LWBXyqfS8+DufyBsgQ==",
      "dev": true
    },
    "hoist-non-react-statics": {
      "version": "3.3.2",
      "resolved": "https://registry.npmjs.org/hoist-non-react-statics/-/hoist-non-react-statics-3.3.2.tgz",
      "integrity": "sha512-/gGivxi8JPKWNm/W0jSmzcMPpfpPLc3dY/6GxhX2hQ9iGj3aDfklV4ET7NjKpSinLpJ5vafa9iiGIEZg10SfBw==",
      "dev": true,
      "requires": {
        "react-is": "^16.7.0"
      }
    },
    "react-is": {
      "version": "16.13.1",
      "resolved": "https://registry.npmjs.org/react-is/-/react-is-16.13.1.tgz",
      "integrity": "sha512-24e6ynE2H+OKt4kqsOvNd8kBpV65zoxbA4BVsEOB3ARVWQki/DHzaUoC5KuON/BiccDaCCTZBuOcfZs70kR8bQ==",
      "dev": true
    },
    "typescript": {
      "version": "4.0.8",
      "resolved": "https://registry.npmjs.org/typescript/-/typescript-4.0.8.tgz",
      "integrity": "sha512-oz1765PN+imfz1MlZzSZPtC/tqcwsCyIYA8L47EkRnRW97ztRk83SzMiWLrnChC0vqoYxSU1fcFUDA5gV/ZiPg==",
      "dev": true
    }
  }
}
