{
    "name": "@salutejs/plasma-tokens-ios-swift",
    "version": "2.37.0",
    "lockfileVersion": 1,
    "requires": true,
    "dependencies": {
        "@salutejs/plasma-tokens": {
            "version": "1.28.2",
            "resolved": "https://registry.npmjs.org/@salutejs/plasma-tokens/-/plasma-tokens-1.28.2.tgz",
            "integrity": "sha512-Z0b0rgTCfHbEek5AdZPWcYIHs5UiLmyLxyp7KhDRsuUAra/HAJ7qcK9JvrwN9LDBMFyJpD/0X2WhNBf2SZgSzg==",
            "dev": true
        }
    }
}
