{
    "name": "@salutejs/plasma-tokens-ios-swift",
    "version": "2.41.0",
    "lockfileVersion": 1,
    "requires": true,
    "dependencies": {
        "@salutejs/plasma-tokens": {
            "version": "1.33.1",
            "resolved": "https://registry.npmjs.org/@salutejs/plasma-tokens/-/plasma-tokens-1.33.1.tgz",
            "integrity": "sha512-hYbTHauRzndUtpneb1r4pwEzcXp4kT8AV4ApiPmFWBTu2p4wBLFX5SSK81YZUkfWt7fXJf9bRZW1kQSNbW9rAg==",
            "dev": true
        }
    }
}
