{
    "name": "@salutejs/plasma-tokens-ios-swift",
    "version": "2.42.0",
    "lockfileVersion": 1,
    "requires": true,
    "dependencies": {
        "@salutejs/plasma-tokens": {
            "version": "1.35.0",
            "resolved": "https://registry.npmjs.org/@salutejs/plasma-tokens/-/plasma-tokens-1.35.0.tgz",
            "integrity": "sha512-ADlnwJsMniLaDpnO3l5ooGFqW2iQkF/6B4HYWojLuQXe7eUvqFvjZlUXXrDbFHyQMJVPs0J8m4MUp5uF99f70w==",
            "dev": true
        }
    }
}
