{
    "name": "@salutejs/plasma-colors",
    "version": "0.4.1",
    "lockfileVersion": 1,
    "requires": true,
    "dependencies": {
        "typescript": {
            "version": "4.0.8",
            "resolved": "https://registry.npmjs.org/typescript/-/typescript-4.0.8.tgz",
            "integrity": "sha512-oz1765PN+imfz1MlZzSZPtC/tqcwsCyIYA8L47EkRnRW97ztRk83SzMiWLrnChC0vqoYxSU1fcFUDA5gV/ZiPg==",
            "dev": true
        }
    }
}
