{
    "name": "@salutejs/plasma-colors",
    "version": "0.10.0",
    "lockfileVersion": 2,
    "requires": true,
    "packages": {
        "": {
            "name": "@salutejs/plasma-colors",
            "version": "0.10.0",
            "license": "MIT",
            "devDependencies": {
                "typescript": "^4.0.8"
            }
        },
        "node_modules/typescript": {
            "version": "4.0.8",
            "resolved": "https://registry.npmjs.org/typescript/-/typescript-4.0.8.tgz",
            "integrity": "sha512-oz1765PN+imfz1MlZzSZPtC/tqcwsCyIYA8L47EkRnRW97ztRk83SzMiWLrnChC0vqoYxSU1fcFUDA5gV/ZiPg==",
            "dev": true,
            "bin": {
                "tsc": "bin/tsc",
                "tsserver": "bin/tsserver"
            },
            "engines": {
                "node": ">=4.2.0"
            }
        }
    },
    "dependencies": {
        "typescript": {
            "version": "4.0.8",
            "resolved": "https://registry.npmjs.org/typescript/-/typescript-4.0.8.tgz",
            "integrity": "sha512-oz1765PN+imfz1MlZzSZPtC/tqcwsCyIYA8L47EkRnRW97ztRk83SzMiWLrnChC0vqoYxSU1fcFUDA5gV/ZiPg==",
            "dev": true
        }
    }
}
