{
    "name": "@salutejs/plasma-tokens-android",
    "version": "2.50.0",
    "lockfileVersion": 1,
    "requires": true,
    "dependencies": {
        "@salutejs/plasma-tokens": {
            "version": "1.42.0",
            "resolved": "https://registry.npmjs.org/@salutejs/plasma-tokens/-/plasma-tokens-1.42.0.tgz",
            "integrity": "sha512-mtBOcIJ6MypcB/0naPHO2gNmwfm+lxkv1ouIH5rPTkQI/8gp9oM+B4KKYRo9ss8YTpe8R6+6LekIcMDbl+6sAQ==",
            "dev": true
        }
    }
}
