{
    "name": "@salutejs/plasma-tokens-android",
    "version": "2.34.1",
    "lockfileVersion": 1,
    "requires": true,
    "dependencies": {
        "@salutejs/plasma-tokens": {
            "version": "1.27.1",
            "resolved": "https://registry.npmjs.org/@salutejs/plasma-tokens/-/plasma-tokens-1.27.1.tgz",
            "integrity": "sha512-ZyVNHtxJQ9yPqG6bHXjKypgTMjPafBmwkFuJLodDyG0rCtnMEQuNG6g9T0Z/RUQpSweBU2v438986WgmMb26wA==",
            "dev": true
        }
    }
}
