{
  "name": "@salutejs/plasma-tokens-android",
  "version": "2.53.0",
  "lockfileVersion": 1,
  "requires": true,
  "dependencies": {
    "@salutejs/plasma-tokens": {
      "version": "1.46.0",
      "resolved": "https://registry.npmjs.org/@salutejs/plasma-tokens/-/plasma-tokens-1.46.0.tgz",
      "integrity": "sha512-OpbU2fj8iADTyamaIV0rUV5sn7KvUNvxBLUq6z0krGbRPMt0ni/h4XBV4N3Axr2m/lYr/l/Blafml8v7/ldtjw==",
      "dev": true
    }
  }
}
